
Microsoft Visual Studio Solution File, Format Version 12.00
# Visual Studio Version 17
VisualStudioVersion = 17.11.35303.130
MinimumVisualStudioVersion = 10.0.40219.1
Project("{FAE04EC0-301F-11D3-BF4B-00C04F79EFBC}") = "ArticleManagementApp", "ArticleManagementApp\ArticleManagementApp.csproj", "{80F38371-7F74-448F-995B-BA2D24C7FCFA}"
EndProject
Global
	GlobalSection(SolutionConfigurationPlatforms) = preSolution
		Debug|Any CPU = Debug|Any CPU
		Release|Any CPU = Release|Any CPU
	EndGlobalSection
	GlobalSection(ProjectConfigurationPlatforms) = postSolution
		{80F38371-7F74-448F-995B-BA2D24C7FCFA}.Debug|Any CPU.ActiveCfg = Debug|Any CPU
		{80F38371-7F74-448F-995B-BA2D24C7FCFA}.Debug|Any CPU.Build.0 = Debug|Any CPU
		{80F38371-7F74-448F-995B-BA2D24C7FCFA}.Release|Any CPU.ActiveCfg = Release|Any CPU
		{80F38371-7F74-448F-995B-BA2D24C7FCFA}.Release|Any CPU.Build.0 = Release|Any CPU
	EndGlobalSection
	GlobalSection(SolutionProperties) = preSolution
		HideSolutionNode = FALSE
	EndGlobalSection
	GlobalSection(ExtensibilityGlobals) = postSolution
		SolutionGuid = {D806C0F5-2C70-44A8-B5C5-F910201FBB45}
	EndGlobalSection
EndGlobal
